
Microsoft Visual Studio Solution File, Format Version 12.00
# Visual Studio Version 16
VisualStudioVersion = 16.0.30907.101
MinimumVisualStudioVersion = 10.0.40219.1
Project("{FAE04EC0-301F-11D3-BF4B-00C04F79EFBC}") = "XamFormsArquitectura.Android", "XamFormsArquitectura\XamFormsArquitectura.Android\XamFormsArquitectura.Android.csproj", "{5C0C78F6-FA7A-41DD-A0BD-DCAC00FC0D74}"
EndProject
Project("{FAE04EC0-301F-11D3-BF4B-00C04F79EFBC}") = "XamFormsArquitectura.iOS", "XamFormsArquitectura\XamFormsArquitectura.iOS\XamFormsArquitectura.iOS.csproj", "{CE6270CF-7365-473E-B513-B2A6DF2D4576}"
EndProject
Project("{FAE04EC0-301F-11D3-BF4B-00C04F79EFBC}") = "XamFormsArquitectura", "XamFormsArquitectura\XamFormsArquitectura\XamFormsArquitectura.csproj", "{44EA77B6-70D9-4A9D-9D53-3FE8F3F1E2F9}"
EndProject
Global
	GlobalSection(SolutionConfigurationPlatforms) = preSolution
		Debug|Any CPU = Debug|Any CPU
		Debug|iPhone = Debug|iPhone
		Debug|iPhoneSimulator = Debug|iPhoneSimulator
		Release|Any CPU = Release|Any CPU
		Release|iPhone = Release|iPhone
		Release|iPhoneSimulator = Release|iPhoneSimulator
	EndGlobalSection
	GlobalSection(ProjectConfigurationPlatforms) = postSolution
		{5C0C78F6-FA7A-41DD-A0BD-DCAC00FC0D74}.Debug|Any CPU.ActiveCfg = Debug|Any CPU
		{5C0C78F6-FA7A-41DD-A0BD-DCAC00FC0D74}.Debug|Any CPU.Build.0 = Debug|Any CPU
		{5C0C78F6-FA7A-41DD-A0BD-DCAC00FC0D74}.Debug|Any CPU.Deploy.0 = Debug|Any CPU
		{5C0C78F6-FA7A-41DD-A0BD-DCAC00FC0D74}.Debug|iPhone.ActiveCfg = Debug|Any CPU
		{5C0C78F6-FA7A-41DD-A0BD-DCAC00FC0D74}.Debug|iPhone.Build.0 = Debug|Any CPU
		{5C0C78F6-FA7A-41DD-A0BD-DCAC00FC0D74}.Debug|iPhone.Deploy.0 = Debug|Any CPU
		{5C0C78F6-FA7A-41DD-A0BD-DCAC00FC0D74}.Debug|iPhoneSimulator.ActiveCfg = Debug|Any CPU
		{5C0C78F6-FA7A-41DD-A0BD-DCAC00FC0D74}.Debug|iPhoneSimulator.Build.0 = Debug|Any CPU
		{5C0C78F6-FA7A-41DD-A0BD-DCAC00FC0D74}.Debug|iPhoneSimulator.Deploy.0 = Debug|Any CPU
		{5C0C78F6-FA7A-41DD-A0BD-DCAC00FC0D74}.Release|Any CPU.ActiveCfg = Release|Any CPU
		{5C0C78F6-FA7A-41DD-A0BD-DCAC00FC0D74}.Release|Any CPU.Build.0 = Release|Any CPU
		{5C0C78F6-FA7A-41DD-A0BD-DCAC00FC0D74}.Release|Any CPU.Deploy.0 = Release|Any CPU
		{5C0C78F6-FA7A-41DD-A0BD-DCAC00FC0D74}.Release|iPhone.ActiveCfg = Release|Any CPU
		{5C0C78F6-FA7A-41DD-A0BD-DCAC00FC0D74}.Release|iPhone.Build.0 = Release|Any CPU
		{5C0C78F6-FA7A-41DD-A0BD-DCAC00FC0D74}.Release|iPhone.Deploy.0 = Release|Any CPU
		{5C0C78F6-FA7A-41DD-A0BD-DCAC00FC0D74}.Release|iPhoneSimulator.ActiveCfg = Release|Any CPU
		{5C0C78F6-FA7A-41DD-A0BD-DCAC00FC0D74}.Release|iPhoneSimulator.Build.0 = Release|Any CPU
		{5C0C78F6-FA7A-41DD-A0BD-DCAC00FC0D74}.Release|iPhoneSimulator.Deploy.0 = Release|Any CPU
		{CE6270CF-7365-473E-B513-B2A6DF2D4576}.Debug|Any CPU.ActiveCfg = Debug|iPhone
		{CE6270CF-7365-473E-B513-B2A6DF2D4576}.Debug|Any CPU.Build.0 = Debug|iPhone
		{CE6270CF-7365-473E-B513-B2A6DF2D4576}.Debug|Any CPU.Deploy.0 = Debug|iPhone
		{CE6270CF-7365-473E-B513-B2A6DF2D4576}.Debug|iPhone.ActiveCfg = Debug|iPhone
		{CE6270CF-7365-473E-B513-B2A6DF2D4576}.Debug|iPhone.Build.0 = Debug|iPhone
		{CE6270CF-7365-473E-B513-B2A6DF2D4576}.Debug|iPhone.Deploy.0 = Debug|iPhone
		{CE6270CF-7365-473E-B513-B2A6DF2D4576}.Debug|iPhoneSimulator.ActiveCfg = Debug|iPhoneSimulator
		{CE6270CF-7365-473E-B513-B2A6DF2D4576}.Debug|iPhoneSimulator.Build.0 = Debug|iPhoneSimulator
		{CE6270CF-7365-473E-B513-B2A6DF2D4576}.Debug|iPhoneSimulator.Deploy.0 = Debug|iPhoneSimulator
		{CE6270CF-7365-473E-B513-B2A6DF2D4576}.Release|Any CPU.ActiveCfg = Release|iPhoneSimulator
		{CE6270CF-7365-473E-B513-B2A6DF2D4576}.Release|Any CPU.Build.0 = Release|iPhoneSimulator
		{CE6270CF-7365-473E-B513-B2A6DF2D4576}.Release|Any CPU.Deploy.0 = Release|iPhoneSimulator
		{CE6270CF-7365-473E-B513-B2A6DF2D4576}.Release|iPhone.ActiveCfg = Release|iPhone
		{CE6270CF-7365-473E-B513-B2A6DF2D4576}.Release|iPhone.Build.0 = Release|iPhone
		{CE6270CF-7365-473E-B513-B2A6DF2D4576}.Release|iPhone.Deploy.0 = Release|iPhone
		{CE6270CF-7365-473E-B513-B2A6DF2D4576}.Release|iPhoneSimulator.ActiveCfg = Release|iPhoneSimulator
		{CE6270CF-7365-473E-B513-B2A6DF2D4576}.Release|iPhoneSimulator.Build.0 = Release|iPhoneSimulator
		{CE6270CF-7365-473E-B513-B2A6DF2D4576}.Release|iPhoneSimulator.Deploy.0 = Release|iPhoneSimulator
		{44EA77B6-70D9-4A9D-9D53-3FE8F3F1E2F9}.Debug|Any CPU.ActiveCfg = Debug|Any CPU
		{44EA77B6-70D9-4A9D-9D53-3FE8F3F1E2F9}.Debug|Any CPU.Build.0 = Debug|Any CPU
		{44EA77B6-70D9-4A9D-9D53-3FE8F3F1E2F9}.Debug|Any CPU.Deploy.0 = Debug|Any CPU
		{44EA77B6-70D9-4A9D-9D53-3FE8F3F1E2F9}.Debug|iPhone.ActiveCfg = Debug|Any CPU
		{44EA77B6-70D9-4A9D-9D53-3FE8F3F1E2F9}.Debug|iPhone.Build.0 = Debug|Any CPU
		{44EA77B6-70D9-4A9D-9D53-3FE8F3F1E2F9}.Debug|iPhone.Deploy.0 = Debug|Any CPU
		{44EA77B6-70D9-4A9D-9D53-3FE8F3F1E2F9}.Debug|iPhoneSimulator.ActiveCfg = Debug|Any CPU
		{44EA77B6-70D9-4A9D-9D53-3FE8F3F1E2F9}.Debug|iPhoneSimulator.Build.0 = Debug|Any CPU
		{44EA77B6-70D9-4A9D-9D53-3FE8F3F1E2F9}.Debug|iPhoneSimulator.Deploy.0 = Debug|Any CPU
		{44EA77B6-70D9-4A9D-9D53-3FE8F3F1E2F9}.Release|Any CPU.ActiveCfg = Release|Any CPU
		{44EA77B6-70D9-4A9D-9D53-3FE8F3F1E2F9}.Release|Any CPU.Build.0 = Release|Any CPU
		{44EA77B6-70D9-4A9D-9D53-3FE8F3F1E2F9}.Release|Any CPU.Deploy.0 = Release|Any CPU
		{44EA77B6-70D9-4A9D-9D53-3FE8F3F1E2F9}.Release|iPhone.ActiveCfg = Release|Any CPU
		{44EA77B6-70D9-4A9D-9D53-3FE8F3F1E2F9}.Release|iPhone.Build.0 = Release|Any CPU
		{44EA77B6-70D9-4A9D-9D53-3FE8F3F1E2F9}.Release|iPhone.Deploy.0 = Release|Any CPU
		{44EA77B6-70D9-4A9D-9D53-3FE8F3F1E2F9}.Release|iPhoneSimulator.ActiveCfg = Release|Any CPU
		{44EA77B6-70D9-4A9D-9D53-3FE8F3F1E2F9}.Release|iPhoneSimulator.Build.0 = Release|Any CPU
		{44EA77B6-70D9-4A9D-9D53-3FE8F3F1E2F9}.Release|iPhoneSimulator.Deploy.0 = Release|Any CPU
	EndGlobalSection
	GlobalSection(SolutionProperties) = preSolution
		HideSolutionNode = FALSE
	EndGlobalSection
	GlobalSection(ExtensibilityGlobals) = postSolution
		SolutionGuid = {EBD4847A-3D6D-436C-A003-765EFFADACBC}
	EndGlobalSection
EndGlobal
